{
  "requires": true,
  "lockfileVersion": 1,
  "dependencies": {
    "@types/node": {
      "version": "10.12.18",
      "resolved": "https://registry.npmjs.org/@types/node/-/node-10.12.18.tgz",
      "integrity": "sha512-fh+pAqt4xRzPfqA6eh3Z2y6fyZavRIumvjhaCL753+TVkGKGhpPeyrJG2JftD0T9q4GF00KjefsQ+PQNDdWQaQ=="
    },
    "@types/npm": {
      "version": "2.0.29",
      "resolved": "https://registry.npmjs.org/@types/npm/-/npm-2.0.29.tgz",
      "integrity": "sha512-McqGDdeT1tSMu8sPaL0ya7xBwojQYKGVwCrlPNBcaF+o+H4wLNH03nYRTfycU11Xdu8eziEb4cgdGmu4VF/NWA==",
      "requires": {
        "@types/node": "*"
      }
    }
  }
}
